
Microsoft Visual Studio Solution File, Format Version 12.00
# Visual Studio Version 17
VisualStudioVersion = 17.6.33829.357
MinimumVisualStudioVersion = 10.0.40219.1
Project("{FAE04EC0-301F-11D3-BF4B-00C04F79EFBC}") = "ReportCard.API", "ReportCard.API\ReportCard.API.csproj", "{599FCF54-9A1D-471A-BBF5-28912E1C125C}"
EndProject
Project("{FAE04EC0-301F-11D3-BF4B-00C04F79EFBC}") = "ReportCard.Core", "ReportCard.Core\ReportCard.Core.csproj", "{BC4735DE-AAA0-4413-9817-65B68200BDBA}"
EndProject
Project("{FAE04EC0-301F-11D3-BF4B-00C04F79EFBC}") = "ReportCard.Infrastructure", "ReportCard.Infrastructure\ReportCard.Infrastructure.csproj", "{5616B930-DD30-4FC7-80A3-465A531DF116}"
EndProject
Global
	GlobalSection(SolutionConfigurationPlatforms) = preSolution
		Debug|Any CPU = Debug|Any CPU
		Release|Any CPU = Release|Any CPU
	EndGlobalSection
	GlobalSection(ProjectConfigurationPlatforms) = postSolution
		{599FCF54-9A1D-471A-BBF5-28912E1C125C}.Debug|Any CPU.ActiveCfg = Debug|Any CPU
		{599FCF54-9A1D-471A-BBF5-28912E1C125C}.Debug|Any CPU.Build.0 = Debug|Any CPU
		{599FCF54-9A1D-471A-BBF5-28912E1C125C}.Release|Any CPU.ActiveCfg = Release|Any CPU
		{599FCF54-9A1D-471A-BBF5-28912E1C125C}.Release|Any CPU.Build.0 = Release|Any CPU
		{BC4735DE-AAA0-4413-9817-65B68200BDBA}.Debug|Any CPU.ActiveCfg = Debug|Any CPU
		{BC4735DE-AAA0-4413-9817-65B68200BDBA}.Debug|Any CPU.Build.0 = Debug|Any CPU
		{BC4735DE-AAA0-4413-9817-65B68200BDBA}.Release|Any CPU.ActiveCfg = Release|Any CPU
		{BC4735DE-AAA0-4413-9817-65B68200BDBA}.Release|Any CPU.Build.0 = Release|Any CPU
		{5616B930-DD30-4FC7-80A3-465A531DF116}.Debug|Any CPU.ActiveCfg = Debug|Any CPU
		{5616B930-DD30-4FC7-80A3-465A531DF116}.Debug|Any CPU.Build.0 = Debug|Any CPU
		{5616B930-DD30-4FC7-80A3-465A531DF116}.Release|Any CPU.ActiveCfg = Release|Any CPU
		{5616B930-DD30-4FC7-80A3-465A531DF116}.Release|Any CPU.Build.0 = Release|Any CPU
	EndGlobalSection
	GlobalSection(SolutionProperties) = preSolution
		HideSolutionNode = FALSE
	EndGlobalSection
	GlobalSection(ExtensibilityGlobals) = postSolution
		SolutionGuid = {54F2020F-0BC3-4387-B5AD-ACE562A12B13}
	EndGlobalSection
EndGlobal
